
Microsoft Visual Studio Solution File, Format Version 12.00
# Visual Studio Version 16
VisualStudioVersion = 16.0.30907.101
MinimumVisualStudioVersion = 10.0.40219.1
Project("{FAE04EC0-301F-11D3-BF4B-00C04F79EFBC}") = "Assignment3", "Assignment3.csproj", "{60DF7EE0-4D3C-4ABD-8E11-EB367567D24E}"
EndProject
Global
	GlobalSection(SolutionConfigurationPlatforms) = preSolution
		Debug|Any CPU = Debug|Any CPU
		Release|Any CPU = Release|Any CPU
	EndGlobalSection
	GlobalSection(ProjectConfigurationPlatforms) = postSolution
		{60DF7EE0-4D3C-4ABD-8E11-EB367567D24E}.Debug|Any CPU.ActiveCfg = Debug|Any CPU
		{60DF7EE0-4D3C-4ABD-8E11-EB367567D24E}.Debug|Any CPU.Build.0 = Debug|Any CPU
		{60DF7EE0-4D3C-4ABD-8E11-EB367567D24E}.Release|Any CPU.ActiveCfg = Release|Any CPU
		{60DF7EE0-4D3C-4ABD-8E11-EB367567D24E}.Release|Any CPU.Build.0 = Release|Any CPU
	EndGlobalSection
	GlobalSection(SolutionProperties) = preSolution
		HideSolutionNode = FALSE
	EndGlobalSection
	GlobalSection(ExtensibilityGlobals) = postSolution
		SolutionGuid = {08F32B23-265B-48AA-84FF-8E4C42D85DDC}
	EndGlobalSection
EndGlobal
